
Microsoft Visual Studio Solution File, Format Version 12.00
# Visual Studio 15
VisualStudioVersion = 15.0.27004.2002
MinimumVisualStudioVersion = 10.0.40219.1
Project("{FAE04EC0-301F-11D3-BF4B-00C04F79EFBC}") = "RealEstate.Web", "RealEstate.Web\RealEstate.Web.csproj", "{1ABBB89D-612B-4899-A19B-D6C0D20CF8CC}"
EndProject
Project("{FAE04EC0-301F-11D3-BF4B-00C04F79EFBC}") = "RealEstate.Common", "RealEstate.Common\RealEstate.Common.csproj", "{657E8992-8E55-445F-9CAE-C1656447B05D}"
EndProject
Project("{FAE04EC0-301F-11D3-BF4B-00C04F79EFBC}") = "RealEstate.DataAccess", "RealEstate.DataAccess\RealEstate.DataAccess.csproj", "{6346657A-391C-4E78-A315-84C1BA78DD68}"
EndProject
Project("{FAE04EC0-301F-11D3-BF4B-00C04F79EFBC}") = "RealEstate.Domain", "RealEstate.Domain\RealEstate.Domain.csproj", "{048D9378-80F4-4403-88D4-97A720F407CA}"
EndProject
Project("{FAE04EC0-301F-11D3-BF4B-00C04F79EFBC}") = "QueryDesigner", "QueryDesigner\QueryDesigner.csproj", "{D8A7C906-75F9-48B3-990F-3EB122B7990F}"
EndProject
Global
	GlobalSection(SolutionConfigurationPlatforms) = preSolution
		Debug|Any CPU = Debug|Any CPU
		Release|Any CPU = Release|Any CPU
	EndGlobalSection
	GlobalSection(ProjectConfigurationPlatforms) = postSolution
		{1ABBB89D-612B-4899-A19B-D6C0D20CF8CC}.Debug|Any CPU.ActiveCfg = Debug|Any CPU
		{1ABBB89D-612B-4899-A19B-D6C0D20CF8CC}.Debug|Any CPU.Build.0 = Debug|Any CPU
		{1ABBB89D-612B-4899-A19B-D6C0D20CF8CC}.Release|Any CPU.ActiveCfg = Release|Any CPU
		{1ABBB89D-612B-4899-A19B-D6C0D20CF8CC}.Release|Any CPU.Build.0 = Release|Any CPU
		{657E8992-8E55-445F-9CAE-C1656447B05D}.Debug|Any CPU.ActiveCfg = Debug|Any CPU
		{657E8992-8E55-445F-9CAE-C1656447B05D}.Debug|Any CPU.Build.0 = Debug|Any CPU
		{657E8992-8E55-445F-9CAE-C1656447B05D}.Release|Any CPU.ActiveCfg = Release|Any CPU
		{657E8992-8E55-445F-9CAE-C1656447B05D}.Release|Any CPU.Build.0 = Release|Any CPU
		{6346657A-391C-4E78-A315-84C1BA78DD68}.Debug|Any CPU.ActiveCfg = Debug|Any CPU
		{6346657A-391C-4E78-A315-84C1BA78DD68}.Debug|Any CPU.Build.0 = Debug|Any CPU
		{6346657A-391C-4E78-A315-84C1BA78DD68}.Release|Any CPU.ActiveCfg = Release|Any CPU
		{6346657A-391C-4E78-A315-84C1BA78DD68}.Release|Any CPU.Build.0 = Release|Any CPU
		{048D9378-80F4-4403-88D4-97A720F407CA}.Debug|Any CPU.ActiveCfg = Debug|Any CPU
		{048D9378-80F4-4403-88D4-97A720F407CA}.Debug|Any CPU.Build.0 = Debug|Any CPU
		{048D9378-80F4-4403-88D4-97A720F407CA}.Release|Any CPU.ActiveCfg = Release|Any CPU
		{048D9378-80F4-4403-88D4-97A720F407CA}.Release|Any CPU.Build.0 = Release|Any CPU
		{D8A7C906-75F9-48B3-990F-3EB122B7990F}.Debug|Any CPU.ActiveCfg = Debug|Any CPU
		{D8A7C906-75F9-48B3-990F-3EB122B7990F}.Debug|Any CPU.Build.0 = Debug|Any CPU
		{D8A7C906-75F9-48B3-990F-3EB122B7990F}.Release|Any CPU.ActiveCfg = Release|Any CPU
		{D8A7C906-75F9-48B3-990F-3EB122B7990F}.Release|Any CPU.Build.0 = Release|Any CPU
	EndGlobalSection
	GlobalSection(SolutionProperties) = preSolution
		HideSolutionNode = FALSE
	EndGlobalSection
	GlobalSection(ExtensibilityGlobals) = postSolution
		SolutionGuid = {313665A0-D9C4-4CBA-BE3C-C0C9FEFC4AAF}
	EndGlobalSection
EndGlobal
